
Microsoft Visual Studio Solution File, Format Version 12.00
# Visual Studio Version 17
VisualStudioVersion = 17.4.33205.214
MinimumVisualStudioVersion = 10.0.40219.1
Project("{8BC9CEB8-8B4A-11D0-8D11-00A0C91BC942}") = "Task_1", "Task_1\Task_1.vcxproj", "{8EE9A85C-719C-4F58-BE21-80397B73BB94}"
EndProject
Project("{8BC9CEB8-8B4A-11D0-8D11-00A0C91BC942}") = "Task_2", "Task_2\Task_2.vcxproj", "{123FE593-D73B-4388-A270-6B3FB0D4EC64}"
EndProject
Project("{8BC9CEB8-8B4A-11D0-8D11-00A0C91BC942}") = "Task_3", "Task_3\Task_3.vcxproj", "{48F7C62D-B476-4017-96EF-32FE5F530026}"
EndProject
Global
	GlobalSection(SolutionConfigurationPlatforms) = preSolution
		Debug|x64 = Debug|x64
		Debug|x86 = Debug|x86
		Release|x64 = Release|x64
		Release|x86 = Release|x86
	EndGlobalSection
	GlobalSection(ProjectConfigurationPlatforms) = postSolution
		{8EE9A85C-719C-4F58-BE21-80397B73BB94}.Debug|x64.ActiveCfg = Debug|x64
		{8EE9A85C-719C-4F58-BE21-80397B73BB94}.Debug|x64.Build.0 = Debug|x64
		{8EE9A85C-719C-4F58-BE21-80397B73BB94}.Debug|x86.ActiveCfg = Debug|Win32
		{8EE9A85C-719C-4F58-BE21-80397B73BB94}.Debug|x86.Build.0 = Debug|Win32
		{8EE9A85C-719C-4F58-BE21-80397B73BB94}.Release|x64.ActiveCfg = Release|x64
		{8EE9A85C-719C-4F58-BE21-80397B73BB94}.Release|x64.Build.0 = Release|x64
		{8EE9A85C-719C-4F58-BE21-80397B73BB94}.Release|x86.ActiveCfg = Release|Win32
		{8EE9A85C-719C-4F58-BE21-80397B73BB94}.Release|x86.Build.0 = Release|Win32
		{123FE593-D73B-4388-A270-6B3FB0D4EC64}.Debug|x64.ActiveCfg = Debug|x64
		{123FE593-D73B-4388-A270-6B3FB0D4EC64}.Debug|x64.Build.0 = Debug|x64
		{123FE593-D73B-4388-A270-6B3FB0D4EC64}.Debug|x86.ActiveCfg = Debug|Win32
		{123FE593-D73B-4388-A270-6B3FB0D4EC64}.Debug|x86.Build.0 = Debug|Win32
		{123FE593-D73B-4388-A270-6B3FB0D4EC64}.Release|x64.ActiveCfg = Release|x64
		{123FE593-D73B-4388-A270-6B3FB0D4EC64}.Release|x64.Build.0 = Release|x64
		{123FE593-D73B-4388-A270-6B3FB0D4EC64}.Release|x86.ActiveCfg = Release|Win32
		{123FE593-D73B-4388-A270-6B3FB0D4EC64}.Release|x86.Build.0 = Release|Win32
		{48F7C62D-B476-4017-96EF-32FE5F530026}.Debug|x64.ActiveCfg = Debug|x64
		{48F7C62D-B476-4017-96EF-32FE5F530026}.Debug|x64.Build.0 = Debug|x64
		{48F7C62D-B476-4017-96EF-32FE5F530026}.Debug|x86.ActiveCfg = Debug|Win32
		{48F7C62D-B476-4017-96EF-32FE5F530026}.Debug|x86.Build.0 = Debug|Win32
		{48F7C62D-B476-4017-96EF-32FE5F530026}.Release|x64.ActiveCfg = Release|x64
		{48F7C62D-B476-4017-96EF-32FE5F530026}.Release|x64.Build.0 = Release|x64
		{48F7C62D-B476-4017-96EF-32FE5F530026}.Release|x86.ActiveCfg = Release|Win32
		{48F7C62D-B476-4017-96EF-32FE5F530026}.Release|x86.Build.0 = Release|Win32
	EndGlobalSection
	GlobalSection(SolutionProperties) = preSolution
		HideSolutionNode = FALSE
	EndGlobalSection
	GlobalSection(ExtensibilityGlobals) = postSolution
		SolutionGuid = {C1C8E343-A27C-489B-9C00-6358EE221B8D}
	EndGlobalSection
EndGlobal
