
Microsoft Visual Studio Solution File, Format Version 12.00
# Visual Studio Version 17
VisualStudioVersion = 17.4.33213.308
MinimumVisualStudioVersion = 10.0.40219.1
Project("{8BC9CEB8-8B4A-11D0-8D11-00A0C91BC942}") = "Leason_35", "Leason_35\Leason_35.vcxproj", "{763B6303-066B-4636-84B3-C529F71C70DB}"
EndProject
Global
	GlobalSection(SolutionConfigurationPlatforms) = preSolution
		Debug|x64 = Debug|x64
		Debug|x86 = Debug|x86
		Release|x64 = Release|x64
		Release|x86 = Release|x86
	EndGlobalSection
	GlobalSection(ProjectConfigurationPlatforms) = postSolution
		{763B6303-066B-4636-84B3-C529F71C70DB}.Debug|x64.ActiveCfg = Debug|x64
		{763B6303-066B-4636-84B3-C529F71C70DB}.Debug|x64.Build.0 = Debug|x64
		{763B6303-066B-4636-84B3-C529F71C70DB}.Debug|x86.ActiveCfg = Debug|Win32
		{763B6303-066B-4636-84B3-C529F71C70DB}.Debug|x86.Build.0 = Debug|Win32
		{763B6303-066B-4636-84B3-C529F71C70DB}.Release|x64.ActiveCfg = Release|x64
		{763B6303-066B-4636-84B3-C529F71C70DB}.Release|x64.Build.0 = Release|x64
		{763B6303-066B-4636-84B3-C529F71C70DB}.Release|x86.ActiveCfg = Release|Win32
		{763B6303-066B-4636-84B3-C529F71C70DB}.Release|x86.Build.0 = Release|Win32
	EndGlobalSection
	GlobalSection(SolutionProperties) = preSolution
		HideSolutionNode = FALSE
	EndGlobalSection
	GlobalSection(ExtensibilityGlobals) = postSolution
		SolutionGuid = {9020325E-6330-4449-917A-399B42DE5140}
	EndGlobalSection
EndGlobal
