
Microsoft Visual Studio Solution File, Format Version 12.00
# Visual Studio Version 17
VisualStudioVersion = 17.4.33213.308
MinimumVisualStudioVersion = 10.0.40219.1
Project("{8BC9CEB8-8B4A-11D0-8D11-00A0C91BC942}") = "Project_22", "Project_22\Project_22.vcxproj", "{B528244A-864C-4D20-ABDC-2A9932DE1BCD}"
EndProject
Global
	GlobalSection(SolutionConfigurationPlatforms) = preSolution
		Debug|x64 = Debug|x64
		Debug|x86 = Debug|x86
		Release|x64 = Release|x64
		Release|x86 = Release|x86
	EndGlobalSection
	GlobalSection(ProjectConfigurationPlatforms) = postSolution
		{B528244A-864C-4D20-ABDC-2A9932DE1BCD}.Debug|x64.ActiveCfg = Debug|x64
		{B528244A-864C-4D20-ABDC-2A9932DE1BCD}.Debug|x64.Build.0 = Debug|x64
		{B528244A-864C-4D20-ABDC-2A9932DE1BCD}.Debug|x86.ActiveCfg = Debug|Win32
		{B528244A-864C-4D20-ABDC-2A9932DE1BCD}.Debug|x86.Build.0 = Debug|Win32
		{B528244A-864C-4D20-ABDC-2A9932DE1BCD}.Release|x64.ActiveCfg = Release|x64
		{B528244A-864C-4D20-ABDC-2A9932DE1BCD}.Release|x64.Build.0 = Release|x64
		{B528244A-864C-4D20-ABDC-2A9932DE1BCD}.Release|x86.ActiveCfg = Release|Win32
		{B528244A-864C-4D20-ABDC-2A9932DE1BCD}.Release|x86.Build.0 = Release|Win32
	EndGlobalSection
	GlobalSection(SolutionProperties) = preSolution
		HideSolutionNode = FALSE
	EndGlobalSection
	GlobalSection(ExtensibilityGlobals) = postSolution
		SolutionGuid = {41C4BF2A-ADB0-47D8-8E87-218F6FA14FB6}
	EndGlobalSection
EndGlobal
