
Microsoft Visual Studio Solution File, Format Version 12.00
# Visual Studio Version 17
VisualStudioVersion = 17.4.33213.308
MinimumVisualStudioVersion = 10.0.40219.1
Project("{8BC9CEB8-8B4A-11D0-8D11-00A0C91BC942}") = "Leason_27", "Leason_27\Leason_27.vcxproj", "{BA2758CE-B60D-4EE5-B8F2-A78E735E10B5}"
EndProject
Project("{8BC9CEB8-8B4A-11D0-8D11-00A0C91BC942}") = "String_arr", "String_arr\String_arr.vcxproj", "{95DFE6EC-57A4-4460-B1E7-7CC8DE34679C}"
EndProject
Global
	GlobalSection(SolutionConfigurationPlatforms) = preSolution
		Debug|x64 = Debug|x64
		Debug|x86 = Debug|x86
		Release|x64 = Release|x64
		Release|x86 = Release|x86
	EndGlobalSection
	GlobalSection(ProjectConfigurationPlatforms) = postSolution
		{BA2758CE-B60D-4EE5-B8F2-A78E735E10B5}.Debug|x64.ActiveCfg = Debug|x64
		{BA2758CE-B60D-4EE5-B8F2-A78E735E10B5}.Debug|x64.Build.0 = Debug|x64
		{BA2758CE-B60D-4EE5-B8F2-A78E735E10B5}.Debug|x86.ActiveCfg = Debug|Win32
		{BA2758CE-B60D-4EE5-B8F2-A78E735E10B5}.Debug|x86.Build.0 = Debug|Win32
		{BA2758CE-B60D-4EE5-B8F2-A78E735E10B5}.Release|x64.ActiveCfg = Release|x64
		{BA2758CE-B60D-4EE5-B8F2-A78E735E10B5}.Release|x64.Build.0 = Release|x64
		{BA2758CE-B60D-4EE5-B8F2-A78E735E10B5}.Release|x86.ActiveCfg = Release|Win32
		{BA2758CE-B60D-4EE5-B8F2-A78E735E10B5}.Release|x86.Build.0 = Release|Win32
		{95DFE6EC-57A4-4460-B1E7-7CC8DE34679C}.Debug|x64.ActiveCfg = Debug|x64
		{95DFE6EC-57A4-4460-B1E7-7CC8DE34679C}.Debug|x64.Build.0 = Debug|x64
		{95DFE6EC-57A4-4460-B1E7-7CC8DE34679C}.Debug|x86.ActiveCfg = Debug|Win32
		{95DFE6EC-57A4-4460-B1E7-7CC8DE34679C}.Debug|x86.Build.0 = Debug|Win32
		{95DFE6EC-57A4-4460-B1E7-7CC8DE34679C}.Release|x64.ActiveCfg = Release|x64
		{95DFE6EC-57A4-4460-B1E7-7CC8DE34679C}.Release|x64.Build.0 = Release|x64
		{95DFE6EC-57A4-4460-B1E7-7CC8DE34679C}.Release|x86.ActiveCfg = Release|Win32
		{95DFE6EC-57A4-4460-B1E7-7CC8DE34679C}.Release|x86.Build.0 = Release|Win32
	EndGlobalSection
	GlobalSection(SolutionProperties) = preSolution
		HideSolutionNode = FALSE
	EndGlobalSection
	GlobalSection(ExtensibilityGlobals) = postSolution
		SolutionGuid = {C0961321-9EB9-42A6-BCF6-0B01F4166BFE}
	EndGlobalSection
EndGlobal
